// !$*UTF8*$!
{
	archiveVersion = 1;
	classes = {
	};
	objectVersion = 55;
	objects = {

/* Begin PBXBuildFile section */
		AB50E76B2882B29400088435 /* CoinCapPriceService.swift in Sources */ = {isa = PBXBuildFile; fileRef = AB50E76A2882B29400088435 /* CoinCapPriceService.swift */; };
		AB9663CD2881C72D00015626 /* AppDelegate.swift in Sources */ = {isa = PBXBuildFile; fileRef = AB9663CC2881C72D00015626 /* AppDelegate.swift */; };
		AB9663CF2881CF1B00015626 /* MenuBarCoinView.swift in Sources */ = {isa = PBXBuildFile; fileRef = AB9663CE2881CF1B00015626 /* MenuBarCoinView.swift */; };
		AB9663D12881D3CF00015626 /* PopoverCoinView.swift in Sources */ = {isa = PBXBuildFile; fileRef = AB9663D02881D3CF00015626 /* PopoverCoinView.swift */; };
		AB9663D42881E06C00015626 /* CoinType.swift in Sources */ = {isa = PBXBuildFile; fileRef = AB9663D32881E06C00015626 /* CoinType.swift */; };
		AB9663D62881E15C00015626 /* Coin.swift in Sources */ = {isa = PBXBuildFile; fileRef = AB9663D52881E15C00015626 /* Coin.swift */; };
		AB9D44892881A14C0072C201 /* CrypTracesApp.swift in Sources */ = {isa = PBXBuildFile; fileRef = AB9D44882881A14C0072C201 /* CrypTracesApp.swift */; };
		AB9D448D2881A14E0072C201 /* Assets.xcassets in Resources */ = {isa = PBXBuildFile; fileRef = AB9D448C2881A14E0072C201 /* Assets.xcassets */; };
		AB9D44902881A14E0072C201 /* Preview Assets.xcassets in Resources */ = {isa = PBXBuildFile; fileRef = AB9D448F2881A14E0072C201 /* Preview Assets.xcassets */; };
/* End PBXBuildFile section */

/* Begin PBXFileReference section */
		AB50E76A2882B29400088435 /* CoinCapPriceService.swift */ = {isa = PBXFileReference; lastKnownFileType = sourcecode.swift; path = CoinCapPriceService.swift; sourceTree = "<group>"; };
		AB9663CC2881C72D00015626 /* AppDelegate.swift */ = {isa = PBXFileReference; lastKnownFileType = sourcecode.swift; path = AppDelegate.swift; sourceTree = "<group>"; };
		AB9663CE2881CF1B00015626 /* MenuBarCoinView.swift */ = {isa = PBXFileReference; lastKnownFileType = sourcecode.swift; path = MenuBarCoinView.swift; sourceTree = "<group>"; };
		AB9663D02881D3CF00015626 /* PopoverCoinView.swift */ = {isa = PBXFileReference; lastKnownFileType = sourcecode.swift; path = PopoverCoinView.swift; sourceTree = "<group>"; };
		AB9663D32881E06C00015626 /* CoinType.swift */ = {isa = PBXFileReference; lastKnownFileType = sourcecode.swift; path = CoinType.swift; sourceTree = "<group>"; };
		AB9663D52881E15C00015626 /* Coin.swift */ = {isa = PBXFileReference; lastKnownFileType = sourcecode.swift; path = Coin.swift; sourceTree = "<group>"; };
		AB9D44852881A14C0072C201 /* CrypTraces.app */ = {isa = PBXFileReference; explicitFileType = wrapper.application; includeInIndex = 0; path = CrypTraces.app; sourceTree = BUILT_PRODUCTS_DIR; };
		AB9D44882881A14C0072C201 /* CrypTracesApp.swift */ = {isa = PBXFileReference; lastKnownFileType = sourcecode.swift; path = CrypTracesApp.swift; sourceTree = "<group>"; };
		AB9D448C2881A14E0072C201 /* Assets.xcassets */ = {isa = PBXFileReference; lastKnownFileType = folder.assetcatalog; path = Assets.xcassets; sourceTree = "<group>"; };
		AB9D448F2881A14E0072C201 /* Preview Assets.xcassets */ = {isa = PBXFileReference; lastKnownFileType = folder.assetcatalog; path = "Preview Assets.xcassets"; sourceTree = "<group>"; };
		AB9D44912881A14E0072C201 /* CrypTraces.entitlements */ = {isa = PBXFileReference; lastKnownFileType = text.plist.entitlements; path = CrypTraces.entitlements; sourceTree = "<group>"; };
		ABA8017B2881C5D000506BD7 /* Info.plist */ = {isa = PBXFileReference; lastKnownFileType = text.plist; path = Info.plist; sourceTree = "<group>"; };
/* End PBXFileReference section */

/* Begin PBXFrameworksBuildPhase section */
		AB9D44822881A14C0072C201 /* Frameworks */ = {
			isa = PBXFrameworksBuildPhase;
			buildActionMask = 2147483647;
			files = (
			);
			runOnlyForDeploymentPostprocessing = 0;
		};
/* End PBXFrameworksBuildPhase section */

/* Begin PBXGroup section */
		AB9D447C2881A14C0072C201 = {
			isa = PBXGroup;
			children = (
				AB9D44872881A14C0072C201 /* CrypTraces */,
				AB9D44862881A14C0072C201 /* Products */,
			);
			sourceTree = "<group>";
		};
		AB9D44862881A14C0072C201 /* Products */ = {
			isa = PBXGroup;
			children = (
				AB9D44852881A14C0072C201 /* CrypTraces.app */,
			);
			name = Products;
			sourceTree = "<group>";
		};
		AB9D44872881A14C0072C201 /* CrypTraces */ = {
			isa = PBXGroup;
			children = (
				ABA8017B2881C5D000506BD7 /* Info.plist */,
				AB50E76A2882B29400088435 /* CoinCapPriceService.swift */,
				AB9663CC2881C72D00015626 /* AppDelegate.swift */,
				AB9D44882881A14C0072C201 /* CrypTracesApp.swift */,
				AB9663CE2881CF1B00015626 /* MenuBarCoinView.swift */,
				AB9663D02881D3CF00015626 /* PopoverCoinView.swift */,
				ABA8017A2881C46600506BD7 /* Model */,
				ABA801792881C46100506BD7 /* View */,
				ABA801782881C45A00506BD7 /* ModelView */,
				AB9D448C2881A14E0072C201 /* Assets.xcassets */,
				AB9D44912881A14E0072C201 /* CrypTraces.entitlements */,
				AB9D448E2881A14E0072C201 /* Preview Content */,
			);
			path = CrypTraces;
			sourceTree = "<group>";
		};
		AB9D448E2881A14E0072C201 /* Preview Content */ = {
			isa = PBXGroup;
			children = (
				AB9D448F2881A14E0072C201 /* Preview Assets.xcassets */,
			);
			path = "Preview Content";
			sourceTree = "<group>";
		};
		ABA801782881C45A00506BD7 /* ModelView */ = {
			isa = PBXGroup;
			children = (
			);
			path = ModelView;
			sourceTree = "<group>";
		};
		ABA801792881C46100506BD7 /* View */ = {
			isa = PBXGroup;
			children = (
			);
			path = View;
			sourceTree = "<group>";
		};
		ABA8017A2881C46600506BD7 /* Model */ = {
			isa = PBXGroup;
			children = (
				AB9663D52881E15C00015626 /* Coin.swift */,
				AB9663D32881E06C00015626 /* CoinType.swift */,
			);
			path = Model;
			sourceTree = "<group>";
		};
/* End PBXGroup section */

/* Begin PBXNativeTarget section */
		AB9D44842881A14C0072C201 /* CrypTraces */ = {
			isa = PBXNativeTarget;
			buildConfigurationList = AB9D44942881A14E0072C201 /* Build configuration list for PBXNativeTarget "CrypTraces" */;
			buildPhases = (
				AB9D44812881A14C0072C201 /* Sources */,
				AB9D44822881A14C0072C201 /* Frameworks */,
				AB9D44832881A14C0072C201 /* Resources */,
			);
			buildRules = (
			);
			dependencies = (
			);
			name = CrypTraces;
			productName = CrypTraces;
			productReference = AB9D44852881A14C0072C201 /* CrypTraces.app */;
			productType = "com.apple.product-type.application";
		};
/* End PBXNativeTarget section */

/* Begin PBXProject section */
		AB9D447D2881A14C0072C201 /* Project object */ = {
			isa = PBXProject;
			attributes = {
				BuildIndependentTargetsInParallel = 1;
				LastSwiftUpdateCheck = 1340;
				LastUpgradeCheck = 1340;
				TargetAttributes = {
					AB9D44842881A14C0072C201 = {
						CreatedOnToolsVersion = 13.4.1;
					};
				};
			};
			buildConfigurationList = AB9D44802881A14C0072C201 /* Build configuration list for PBXProject "CrypTraces" */;
			compatibilityVersion = "Xcode 13.0";
			developmentRegion = en;
			hasScannedForEncodings = 0;
			knownRegions = (
				en,
				Base,
			);
			mainGroup = AB9D447C2881A14C0072C201;
			productRefGroup = AB9D44862881A14C0072C201 /* Products */;
			projectDirPath = "";
			projectRoot = "";
			targets = (
				AB9D44842881A14C0072C201 /* CrypTraces */,
			);
		};
/* End PBXProject section */

/* Begin PBXResourcesBuildPhase section */
		AB9D44832881A14C0072C201 /* Resources */ = {
			isa = PBXResourcesBuildPhase;
			buildActionMask = 2147483647;
			files = (
				AB9D44902881A14E0072C201 /* Preview Assets.xcassets in Resources */,
				AB9D448D2881A14E0072C201 /* Assets.xcassets in Resources */,
			);
			runOnlyForDeploymentPostprocessing = 0;
		};
/* End PBXResourcesBuildPhase section */

/* Begin PBXSourcesBuildPhase section */
		AB9D44812881A14C0072C201 /* Sources */ = {
			isa = PBXSourcesBuildPhase;
			buildActionMask = 2147483647;
			files = (
				AB9663D62881E15C00015626 /* Coin.swift in Sources */,
				AB50E76B2882B29400088435 /* CoinCapPriceService.swift in Sources */,
				AB9663D42881E06C00015626 /* CoinType.swift in Sources */,
				AB9663CF2881CF1B00015626 /* MenuBarCoinView.swift in Sources */,
				AB9663CD2881C72D00015626 /* AppDelegate.swift in Sources */,
				AB9D44892881A14C0072C201 /* CrypTracesApp.swift in Sources */,
				AB9663D12881D3CF00015626 /* PopoverCoinView.swift in Sources */,
			);
			runOnlyForDeploymentPostprocessing = 0;
		};
/* End PBXSourcesBuildPhase section */

/* Begin XCBuildConfiguration section */
		AB9D44922881A14E0072C201 /* Debug */ = {
			isa = XCBuildConfiguration;
			buildSettings = {
				ALWAYS_SEARCH_USER_PATHS = NO;
				CLANG_ANALYZER_NONNULL = YES;
				CLANG_ANALYZER_NUMBER_OBJECT_CONVERSION = YES_AGGRESSIVE;
				CLANG_CXX_LANGUAGE_STANDARD = "gnu++17";
				CLANG_ENABLE_MODULES = YES;
				CLANG_ENABLE_OBJC_ARC = YES;
				CLANG_ENABLE_OBJC_WEAK = YES;
				CLANG_WARN_BLOCK_CAPTURE_AUTORELEASING = YES;
				CLANG_WARN_BOOL_CONVERSION = YES;
				CLANG_WARN_COMMA = YES;
				CLANG_WARN_CONSTANT_CONVERSION = YES;
				CLANG_WARN_DEPRECATED_OBJC_IMPLEMENTATIONS = YES;
				CLANG_WARN_DIRECT_OBJC_ISA_USAGE = YES_ERROR;
				CLANG_WARN_DOCUMENTATION_COMMENTS = YES;
				CLANG_WARN_EMPTY_BODY = YES;
				CLANG_WARN_ENUM_CONVERSION = YES;
				CLANG_WARN_INFINITE_RECURSION = YES;
				CLANG_WARN_INT_CONVERSION = YES;
				CLANG_WARN_NON_LITERAL_NULL_CONVERSION = YES;
				CLANG_WARN_OBJC_IMPLICIT_RETAIN_SELF = YES;
				CLANG_WARN_OBJC_LITERAL_CONVERSION = YES;
				CLANG_WARN_OBJC_ROOT_CLASS = YES_ERROR;
				CLANG_WARN_QUOTED_INCLUDE_IN_FRAMEWORK_HEADER = YES;
				CLANG_WARN_RANGE_LOOP_ANALYSIS = YES;
				CLANG_WARN_STRICT_PROTOTYPES = YES;
				CLANG_WARN_SUSPICIOUS_MOVE = YES;
				CLANG_WARN_UNGUARDED_AVAILABILITY = YES_AGGRESSIVE;
				CLANG_WARN_UNREACHABLE_CODE = YES;
				CLANG_WARN__DUPLICATE_METHOD_MATCH = YES;
				COPY_PHASE_STRIP = NO;
				DEBUG_INFORMATION_FORMAT = dwarf;
				ENABLE_STRICT_OBJC_MSGSEND = YES;
				ENABLE_TESTABILITY = YES;
				GCC_C_LANGUAGE_STANDARD = gnu11;
				GCC_DYNAMIC_NO_PIC = NO;
				GCC_NO_COMMON_BLOCKS = YES;
				GCC_OPTIMIZATION_LEVEL = 0;
				GCC_PREPROCESSOR_DEFINITIONS = (
					"DEBUG=1",
					"$(inherited)",
				);
				GCC_WARN_64_TO_32_BIT_CONVERSION = YES;
				GCC_WARN_ABOUT_RETURN_TYPE = YES_ERROR;
				GCC_WARN_UNDECLARED_SELECTOR = YES;
				GCC_WARN_UNINITIALIZED_AUTOS = YES_AGGRESSIVE;
				GCC_WARN_UNUSED_FUNCTION = YES;
				GCC_WARN_UNUSED_VARIABLE = YES;
				MACOSX_DEPLOYMENT_TARGET = 12.3;
				MTL_ENABLE_DEBUG_INFO = INCLUDE_SOURCE;
				MTL_FAST_MATH = YES;
				ONLY_ACTIVE_ARCH = YES;
				SDKROOT = macosx;
				SWIFT_ACTIVE_COMPILATION_CONDITIONS = DEBUG;
				SWIFT_OPTIMIZATION_LEVEL = "-Onone";
			};
			name = Debug;
		};
		AB9D44932881A14E0072C201 /* Release */ = {
			isa = XCBuildConfiguration;
			buildSettings = {
				ALWAYS_SEARCH_USER_PATHS = NO;
				CLANG_ANALYZER_NONNULL = YES;
				CLANG_ANALYZER_NUMBER_OBJECT_CONVERSION = YES_AGGRESSIVE;
				CLANG_CXX_LANGUAGE_STANDARD = "gnu++17";
				CLANG_ENABLE_MODULES = YES;
				CLANG_ENABLE_OBJC_ARC = YES;
				CLANG_ENABLE_OBJC_WEAK = YES;
				CLANG_WARN_BLOCK_CAPTURE_AUTORELEASING = YES;
				CLANG_WARN_BOOL_CONVERSION = YES;
				CLANG_WARN_COMMA = YES;
				CLANG_WARN_CONSTANT_CONVERSION = YES;
				CLANG_WARN_DEPRECATED_OBJC_IMPLEMENTATIONS = YES;
				CLANG_WARN_DIRECT_OBJC_ISA_USAGE = YES_ERROR;
				CLANG_WARN_DOCUMENTATION_COMMENTS = YES;
				CLANG_WARN_EMPTY_BODY = YES;
				CLANG_WARN_ENUM_CONVERSION = YES;
				CLANG_WARN_INFINITE_RECURSION = YES;
				CLANG_WARN_INT_CONVERSION = YES;
				CLANG_WARN_NON_LITERAL_NULL_CONVERSION = YES;
				CLANG_WARN_OBJC_IMPLICIT_RETAIN_SELF = YES;
				CLANG_WARN_OBJC_LITERAL_CONVERSION = YES;
				CLANG_WARN_OBJC_ROOT_CLASS = YES_ERROR;
				CLANG_WARN_QUOTED_INCLUDE_IN_FRAMEWORK_HEADER = YES;
				CLANG_WARN_RANGE_LOOP_ANALYSIS = YES;
				CLANG_WARN_STRICT_PROTOTYPES = YES;
				CLANG_WARN_SUSPICIOUS_MOVE = YES;
				CLANG_WARN_UNGUARDED_AVAILABILITY = YES_AGGRESSIVE;
				CLANG_WARN_UNREACHABLE_CODE = YES;
				CLANG_WARN__DUPLICATE_METHOD_MATCH = YES;
				COPY_PHASE_STRIP = NO;
				DEBUG_INFORMATION_FORMAT = "dwarf-with-dsym";
				ENABLE_NS_ASSERTIONS = NO;
				ENABLE_STRICT_OBJC_MSGSEND = YES;
				GCC_C_LANGUAGE_STANDARD = gnu11;
				GCC_NO_COMMON_BLOCKS = YES;
				GCC_WARN_64_TO_32_BIT_CONVERSION = YES;
				GCC_WARN_ABOUT_RETURN_TYPE = YES_ERROR;
				GCC_WARN_UNDECLARED_SELECTOR = YES;
				GCC_WARN_UNINITIALIZED_AUTOS = YES_AGGRESSIVE;
				GCC_WARN_UNUSED_FUNCTION = YES;
				GCC_WARN_UNUSED_VARIABLE = YES;
				MACOSX_DEPLOYMENT_TARGET = 12.3;
				MTL_ENABLE_DEBUG_INFO = NO;
				MTL_FAST_MATH = YES;
				SDKROOT = macosx;
				SWIFT_COMPILATION_MODE = wholemodule;
				SWIFT_OPTIMIZATION_LEVEL = "-O";
			};
			name = Release;
		};
		AB9D44952881A14E0072C201 /* Debug */ = {
			isa = XCBuildConfiguration;
			buildSettings = {
				ASSETCATALOG_COMPILER_APPICON_NAME = AppIcon;
				ASSETCATALOG_COMPILER_GLOBAL_ACCENT_COLOR_NAME = AccentColor;
				CODE_SIGN_ENTITLEMENTS = CrypTraces/CrypTraces.entitlements;
				CODE_SIGN_STYLE = Automatic;
				COMBINE_HIDPI_IMAGES = YES;
				CURRENT_PROJECT_VERSION = 1;
				DEVELOPMENT_ASSET_PATHS = "\"CrypTraces/Preview Content\"";
				DEVELOPMENT_TEAM = BZ9S44ZL2V;
				ENABLE_HARDENED_RUNTIME = YES;
				ENABLE_PREVIEWS = YES;
				GENERATE_INFOPLIST_FILE = YES;
				INFOPLIST_FILE = CrypTraces/Info.plist;
				INFOPLIST_KEY_NSHumanReadableCopyright = "";
				LD_RUNPATH_SEARCH_PATHS = (
					"$(inherited)",
					"@executable_path/../Frameworks",
				);
				MARKETING_VERSION = 1.0;
				PRODUCT_BUNDLE_IDENTIFIER = com.deka.CrypTraces;
				PRODUCT_NAME = "$(TARGET_NAME)";
				SWIFT_EMIT_LOC_STRINGS = YES;
				SWIFT_VERSION = 5.0;
			};
			name = Debug;
		};
		AB9D44962881A14E0072C201 /* Release */ = {
			isa = XCBuildConfiguration;
			buildSettings = {
				ASSETCATALOG_COMPILER_APPICON_NAME = AppIcon;
				ASSETCATALOG_COMPILER_GLOBAL_ACCENT_COLOR_NAME = AccentColor;
				CODE_SIGN_ENTITLEMENTS = CrypTraces/CrypTraces.entitlements;
				CODE_SIGN_STYLE = Automatic;
				COMBINE_HIDPI_IMAGES = YES;
				CURRENT_PROJECT_VERSION = 1;
				DEVELOPMENT_ASSET_PATHS = "\"CrypTraces/Preview Content\"";
				DEVELOPMENT_TEAM = BZ9S44ZL2V;
				ENABLE_HARDENED_RUNTIME = YES;
				ENABLE_PREVIEWS = YES;
				GENERATE_INFOPLIST_FILE = YES;
				INFOPLIST_FILE = CrypTraces/Info.plist;
				INFOPLIST_KEY_NSHumanReadableCopyright = "";
				LD_RUNPATH_SEARCH_PATHS = (
					"$(inherited)",
					"@executable_path/../Frameworks",
				);
				MARKETING_VERSION = 1.0;
				PRODUCT_BUNDLE_IDENTIFIER = com.deka.CrypTraces;
				PRODUCT_NAME = "$(TARGET_NAME)";
				SWIFT_EMIT_LOC_STRINGS = YES;
				SWIFT_VERSION = 5.0;
			};
			name = Release;
		};
/* End XCBuildConfiguration section */

/* Begin XCConfigurationList section */
		AB9D44802881A14C0072C201 /* Build configuration list for PBXProject "CrypTraces" */ = {
			isa = XCConfigurationList;
			buildConfigurations = (
				AB9D44922881A14E0072C201 /* Debug */,
				AB9D44932881A14E0072C201 /* Release */,
			);
			defaultConfigurationIsVisible = 0;
			defaultConfigurationName = Release;
		};
		AB9D44942881A14E0072C201 /* Build configuration list for PBXNativeTarget "CrypTraces" */ = {
			isa = XCConfigurationList;
			buildConfigurations = (
				AB9D44952881A14E0072C201 /* Debug */,
				AB9D44962881A14E0072C201 /* Release */,
			);
			defaultConfigurationIsVisible = 0;
			defaultConfigurationName = Release;
		};
/* End XCConfigurationList section */
	};
	rootObject = AB9D447D2881A14C0072C201 /* Project object */;
}
